
Microsoft Visual Studio Solution File, Format Version 12.00
# Visual Studio Version 17
VisualStudioVersion = 17.4.33103.184
MinimumVisualStudioVersion = 10.0.40219.1
Project("{9A19103F-16F7-4668-BE54-9A1E7A4F7556}") = "Films", "Films\Films.csproj", "{37A28EE8-C4D5-425E-8673-159E2784787A}"
EndProject
Project("{FAE04EC0-301F-11D3-BF4B-00C04F79EFBC}") = "Films.Tests", "Films.Tests\Films.Tests.csproj", "{28086D61-B660-4B4D-8C94-05A9771FB0F3}"
EndProject
Global
	GlobalSection(SolutionConfigurationPlatforms) = preSolution
		Debug|Any CPU = Debug|Any CPU
		Release|Any CPU = Release|Any CPU
	EndGlobalSection
	GlobalSection(ProjectConfigurationPlatforms) = postSolution
		{37A28EE8-C4D5-425E-8673-159E2784787A}.Debug|Any CPU.ActiveCfg = Debug|Any CPU
		{37A28EE8-C4D5-425E-8673-159E2784787A}.Debug|Any CPU.Build.0 = Debug|Any CPU
		{37A28EE8-C4D5-425E-8673-159E2784787A}.Release|Any CPU.ActiveCfg = Release|Any CPU
		{37A28EE8-C4D5-425E-8673-159E2784787A}.Release|Any CPU.Build.0 = Release|Any CPU
		{28086D61-B660-4B4D-8C94-05A9771FB0F3}.Debug|Any CPU.ActiveCfg = Debug|Any CPU
		{28086D61-B660-4B4D-8C94-05A9771FB0F3}.Debug|Any CPU.Build.0 = Debug|Any CPU
		{28086D61-B660-4B4D-8C94-05A9771FB0F3}.Release|Any CPU.ActiveCfg = Release|Any CPU
		{28086D61-B660-4B4D-8C94-05A9771FB0F3}.Release|Any CPU.Build.0 = Release|Any CPU
	EndGlobalSection
	GlobalSection(SolutionProperties) = preSolution
		HideSolutionNode = FALSE
	EndGlobalSection
	GlobalSection(ExtensibilityGlobals) = postSolution
		SolutionGuid = {B51A31E4-29DC-43E9-8822-833392F8FCC4}
	EndGlobalSection
EndGlobal
